
Microsoft Visual Studio Solution File, Format Version 12.00
# Visual Studio Version 16
VisualStudioVersion = 16.0.30104.148
MinimumVisualStudioVersion = 10.0.40219.1
Project("{FAE04EC0-301F-11D3-BF4B-00C04F79EFBC}") = "LabRab17_1", "LabRab17_1\LabRab17_1.csproj", "{90C06174-558D-4BCA-90E9-936E493F174B}"
EndProject
Global
	GlobalSection(SolutionConfigurationPlatforms) = preSolution
		Debug|Any CPU = Debug|Any CPU
		Release|Any CPU = Release|Any CPU
	EndGlobalSection
	GlobalSection(ProjectConfigurationPlatforms) = postSolution
		{90C06174-558D-4BCA-90E9-936E493F174B}.Debug|Any CPU.ActiveCfg = Debug|Any CPU
		{90C06174-558D-4BCA-90E9-936E493F174B}.Debug|Any CPU.Build.0 = Debug|Any CPU
		{90C06174-558D-4BCA-90E9-936E493F174B}.Release|Any CPU.ActiveCfg = Release|Any CPU
		{90C06174-558D-4BCA-90E9-936E493F174B}.Release|Any CPU.Build.0 = Release|Any CPU
	EndGlobalSection
	GlobalSection(SolutionProperties) = preSolution
		HideSolutionNode = FALSE
	EndGlobalSection
	GlobalSection(ExtensibilityGlobals) = postSolution
		SolutionGuid = {F8E4FE71-E69A-40C2-9E7D-76CBC7BB63A0}
	EndGlobalSection
EndGlobal
